Microsoft Visual Studio Solution File, Format Version 12.00
# Visual Studio Version 17
VisualStudioVersion = 17.4.32804.182
MinimumVisualStudioVersion = 16.0.0.0
Project("{9A19103F-16F7-4668-BE54-9A1E7A4F7556}") = "HiroshimaInfo.Server", "Server\HiroshimaInfo.Server.csproj", "{61C4D4FB-470A-429F-97FA-F97237F286D9}"
EndProject
Project("{9A19103F-16F7-4668-BE54-9A1E7A4F7556}") = "HiroshimaInfo.Client", "Client\HiroshimaInfo.Client.csproj", "{F6899275-DC35-4B97-AD48-4D69DD55D9DD}"
EndProject
Project("{9A19103F-16F7-4668-BE54-9A1E7A4F7556}") = "HiroshimaInfo.Shared", "Shared\HiroshimaInfo.Shared.csproj", "{C1DCA3FF-BA4C-49F2-9494-82D860E30043}"
EndProject
Global
	GlobalSection(SolutionConfigurationPlatforms) = preSolution
		Debug|Any CPU = Debug|Any CPU
		Debug|x64 = Debug|x64
		Debug|x86 = Debug|x86
		Release|Any CPU = Release|Any CPU
		Release|x64 = Release|x64
		Release|x86 = Release|x86
	EndGlobalSection
	GlobalSection(ProjectConfigurationPlatforms) = postSolution
		{61C4D4FB-470A-429F-97FA-F97237F286D9}.Debug|Any CPU.ActiveCfg = Debug|Any CPU
		{61C4D4FB-470A-429F-97FA-F97237F286D9}.Debug|Any CPU.Build.0 = Debug|Any CPU
		{61C4D4FB-470A-429F-97FA-F97237F286D9}.Debug|x64.ActiveCfg = Debug|Any CPU
		{61C4D4FB-470A-429F-97FA-F97237F286D9}.Debug|x64.Build.0 = Debug|Any CPU
		{61C4D4FB-470A-429F-97FA-F97237F286D9}.Debug|x86.ActiveCfg = Debug|Any CPU
		{61C4D4FB-470A-429F-97FA-F97237F286D9}.Debug|x86.Build.0 = Debug|Any CPU
		{61C4D4FB-470A-429F-97FA-F97237F286D9}.Release|Any CPU.ActiveCfg = Release|Any CPU
		{61C4D4FB-470A-429F-97FA-F97237F286D9}.Release|Any CPU.Build.0 = Release|Any CPU
		{61C4D4FB-470A-429F-97FA-F97237F286D9}.Release|x64.ActiveCfg = Release|Any CPU
		{61C4D4FB-470A-429F-97FA-F97237F286D9}.Release|x64.Build.0 = Release|Any CPU
		{61C4D4FB-470A-429F-97FA-F97237F286D9}.Release|x86.ActiveCfg = Release|Any CPU
		{61C4D4FB-470A-429F-97FA-F97237F286D9}.Release|x86.Build.0 = Release|Any CPU
		{F6899275-DC35-4B97-AD48-4D69DD55D9DD}.Debug|Any CPU.ActiveCfg = Debug|Any CPU
		{F6899275-DC35-4B97-AD48-4D69DD55D9DD}.Debug|Any CPU.Build.0 = Debug|Any CPU
		{F6899275-DC35-4B97-AD48-4D69DD55D9DD}.Debug|x64.ActiveCfg = Debug|Any CPU
		{F6899275-DC35-4B97-AD48-4D69DD55D9DD}.Debug|x64.Build.0 = Debug|Any CPU
		{F6899275-DC35-4B97-AD48-4D69DD55D9DD}.Debug|x86.ActiveCfg = Debug|Any CPU
		{F6899275-DC35-4B97-AD48-4D69DD55D9DD}.Debug|x86.Build.0 = Debug|Any CPU
		{F6899275-DC35-4B97-AD48-4D69DD55D9DD}.Release|Any CPU.ActiveCfg = Release|Any CPU
		{F6899275-DC35-4B97-AD48-4D69DD55D9DD}.Release|Any CPU.Build.0 = Release|Any CPU
		{F6899275-DC35-4B97-AD48-4D69DD55D9DD}.Release|x64.ActiveCfg = Release|Any CPU
		{F6899275-DC35-4B97-AD48-4D69DD55D9DD}.Release|x64.Build.0 = Release|Any CPU
		{F6899275-DC35-4B97-AD48-4D69DD55D9DD}.Release|x86.ActiveCfg = Release|Any CPU
		{F6899275-DC35-4B97-AD48-4D69DD55D9DD}.Release|x86.Build.0 = Release|Any CPU
		{C1DCA3FF-BA4C-49F2-9494-82D860E30043}.Debug|Any CPU.ActiveCfg = Debug|Any CPU
		{C1DCA3FF-BA4C-49F2-9494-82D860E30043}.Debug|Any CPU.Build.0 = Debug|Any CPU
		{C1DCA3FF-BA4C-49F2-9494-82D860E30043}.Debug|x64.ActiveCfg = Debug|Any CPU
		{C1DCA3FF-BA4C-49F2-9494-82D860E30043}.Debug|x64.Build.0 = Debug|Any CPU
		{C1DCA3FF-BA4C-49F2-9494-82D860E30043}.Debug|x86.ActiveCfg = Debug|Any CPU
		{C1DCA3FF-BA4C-49F2-9494-82D860E30043}.Debug|x86.Build.0 = Debug|Any CPU
		{C1DCA3FF-BA4C-49F2-9494-82D860E30043}.Release|Any CPU.ActiveCfg = Release|Any CPU
		{C1DCA3FF-BA4C-49F2-9494-82D860E30043}.Release|Any CPU.Build.0 = Release|Any CPU
		{C1DCA3FF-BA4C-49F2-9494-82D860E30043}.Release|x64.ActiveCfg = Release|Any CPU
		{C1DCA3FF-BA4C-49F2-9494-82D860E30043}.Release|x64.Build.0 = Release|Any CPU
		{C1DCA3FF-BA4C-49F2-9494-82D860E30043}.Release|x86.ActiveCfg = Release|Any CPU
		{C1DCA3FF-BA4C-49F2-9494-82D860E30043}.Release|x86.Build.0 = Release|Any CPU
	EndGlobalSection
	GlobalSection(SolutionProperties) = preSolution
		HideSolutionNode = FALSE
	EndGlobalSection
	GlobalSection(ExtensibilityGlobals) = postSolution
		SolutionGuid = {105D2DC4-B0AA-4B93-9A9A-032A52324614}
	EndGlobalSection
EndGlobal
